<?xml version="1.0" encoding="utf-8"?>
<Project ToolsVersion="Current" xmlns="http://schemas.microsoft.com/developer/msbuild/2003">
  <PropertyGroup>
    <ShowAllFiles>true</ShowAllFiles>
  </PropertyGroup>
  <ItemGroup>
    <ClCompile Include="Scripts\Scene\FactoryPortfolio.cpp" />
    <ClCompile Include="Scripts\Scene\SceneGame.cpp" />
    <ClCompile Include="Scripts\Instance\MiscInstance\Camera\FollowCamera.cpp" />
    <ClCompile Include="Scripts\Instance\MiscInstance\Enemy\Enemy.cpp" />
    <ClCompile Include="Scripts\Instance\MiscInstance\Enemy\EnemyManager.cpp" />
    <ClCompile Include="Scripts\Portfolio.cpp" />
    <ClCompile Include="Scripts\main.cpp" />
    <ClCompile Include="Scripts\Instance\Player\Player.cpp" />
    <ClCompile Include="Scripts\Instance\IEntity\IActionBasic.cpp" />
    <ClCompile Include="Scripts\Instance\MiscInstance\Effects\HitAnimation.cpp" />
    <ClCompile Include="Scripts\Instance\IEntity\IEntity.cpp" />
    <ClCompile Include="Scripts\Instance\IEntity\EntityUi.cpp" />
    <ClCompile Include="Scripts\Manager\EntityManager.cpp" />
    <ClCompile Include="Scripts\Extension\Util\LookAtRect.cpp" />
    <ClCompile Include="Scripts\Instance\IEntity\Shadow.cpp" />
    <ClCompile Include="Scripts\Instance\IEntity\Actions\IdleAction.cpp" />
    <ClCompile Include="Scripts\Instance\MiscInstance\AOE\BaseAoe.cpp" />
    <ClCompile Include="Scripts\Instance\MiscInstance\AOE\CircleAoe.cpp" />
    <ClCompile Include="Scripts\Instance\MiscInstance\Effects\CometEffect.cpp" />
    <ClCompile Include="Scripts\Extension\RenderNode\PostEffect\DownSamplingNode.cpp" />
    <ClCompile Include="Scripts\Extension\RenderNode\PostEffect\BloomNode.cpp" />
    <ClCompile Include="Scripts\Extension\RenderNode\PostEffect\LuminanceExtractionNode.cpp" />
    <ClCompile Include="Scripts\Extension\RenderNode\PostEffect\MargeTextureNode.cpp" />
    <ClCompile Include="Scripts\Extension\RenderNode\PostEffect\GaussianBlurNode.cpp" />
    <ClCompile Include="Scripts\Extension\RenderNode\CubemapNode\CubemapNode.cpp" />
    <ClCompile Include="Scripts\Instance\Player\Actions\PaladinHolySpirit.cpp" />
    <ClCompile Include="Scripts\Instance\Player\Actions\PaladinHolySpiritEffectSelf.cpp" />
    <ClCompile Include="Scripts\Instance\Player\Actions\PaladinHolySpiritEffectTarget.cpp" />
    <ClCompile Include="Scripts\Manager\EffectManager.cpp" />
    <ClCompile Include="Scripts\Instance\MiscInstance\Effects\IEffectInstance.cpp" />
    <ClCompile Include="Scripts\Instance\IEntity\Actions\JumpAction.cpp" />
    <ClCompile Include="Scripts\Instance\IEntity\ISkillAction\ISkillAction.cpp" />
    <ClCompile Include="Scripts\Proto\types.pb.cc" />
    <ClCompile Include="Scripts\Proto\math.pb.cc" />
    <ClCompile Include="Scripts\Network\GameServer\GameServerPacketSender.cpp" />
    <ClCompile Include="Scripts\Network\GameServer\GameServerPacketReceiver.cpp" />
    <ClCompile Include="Scripts\Network\GameServer\GameServerConnectionManager.cpp" />
    <ClCompile Include="Scripts\Network\GameServer\PacketBuffer.cpp" />
    <ClCompile Include="Scripts\Network\NetworkCluster.cpp" />
    <ClCompile Include="Scripts\Game\Zone\ZoneCommand\ZoneHandler.cpp" />
    <ClCompile Include="Scripts\Game\Zone\ZoneCommand\Command\ZoneLoginPlayerCommand.cpp" />
    <ClCompile Include="Scripts\Game\Zone\ZoneCommand\Command\ZoneSyncTransformCommand.cpp" />
    <ClCompile Include="Scripts\Game\Zone\ZoneCommand\Command\ZoneLogoutPlayerCommand.cpp" />
    <ClCompile Include="Scripts\Game\GameInputHandler.cpp" />
    <ClCompile Include="Scripts\Instance\Player\RemotePlayer.cpp" />
  </ItemGroup>
  <ItemGroup>
    <ClInclude Include="Scripts\Scene\FactoryPortfolio.h" />
    <ClInclude Include="Scripts\Instance\MiscInstance\Camera\FollowCamera.h" />
    <ClInclude Include="Scripts\Instance\MiscInstance\Enemy\Enemy.h" />
    <ClInclude Include="Scripts\Instance\MiscInstance\Enemy\EnemyManager.h" />
    <ClInclude Include="Scripts\Scene\SceneGame.h" />
    <ClInclude Include="Scripts\Portfolio.h" />
    <ClInclude Include="Scripts\Instance\Player\Player.h" />
    <ClInclude Include="Scripts\Instance\IEntity\IActionBasic.h" />
    <ClInclude Include="Scripts\Instance\MiscInstance\Effects\HitAnimation.h" />
    <ClInclude Include="Scripts\Instance\IEntity\IEntity.h" />
    <ClInclude Include="Scripts\Instance\IEntity\EntityUi.h" />
    <ClInclude Include="Scripts\Manager\EntityManager.h" />
    <ClInclude Include="Scripts\Extension\Util\LookAtRect.h" />
    <ClInclude Include="Scripts\Instance\IEntity\Shadow.h" />
    <ClInclude Include="Scripts\Instance\IEntity\Actions\IdleAction.h" />
    <ClInclude Include="Scripts\Instance\MiscInstance\AOE\BaseAoe.h" />
    <ClInclude Include="Scripts\Instance\MiscInstance\AOE\CircleAoe.h" />
    <ClInclude Include="Scripts\Instance\MiscInstance\Effects\CometEffect.h" />
    <ClInclude Include="Scripts\Extension\RenderNode\PostEffect\DownSamplingNode.h" />
    <ClInclude Include="Scripts\Extension\RenderNode\PostEffect\BloomNode.h" />
    <ClInclude Include="Scripts\Extension\RenderNode\PostEffect\LuminanceExtractionNode.h" />
    <ClInclude Include="Scripts\Extension\RenderNode\PostEffect\MargeTextureNode.h" />
    <ClInclude Include="Scripts\Extension\RenderNode\PostEffect\GaussianBlurNode.h" />
    <ClInclude Include="Scripts\Extension\RenderNode\CubemapNode\CubemapNode.h" />
    <ClInclude Include="Scripts\Instance\IEntity\ISkillAction\ISkillAction.h" />
    <ClInclude Include="Scripts\Instance\Player\Actions\PaladinHolySpirit.h" />
    <ClInclude Include="Scripts\Instance\Player\Actions\PaladinHolySpiritEffectSelf.h" />
    <ClInclude Include="Scripts\Instance\Player\Actions\PaladinHolySpiritEffectTarget.h" />
    <ClInclude Include="Scripts\Manager\EffectManager.h" />
    <ClInclude Include="Scripts\Instance\MiscInstance\Effects\IEffectInstance.h" />
    <ClInclude Include="Scripts\Instance\IEntity\Actions\JumpAction.h" />
    <ClInclude Include="Scripts\Proto\types.pb.h" />
    <ClInclude Include="Scripts\Proto\math.pb.h" />
    <ClInclude Include="Scripts\Network\GameServer\GameServerPacketSender.h" />
    <ClInclude Include="Scripts\Network\GameServer\GameServerPacketReceiver.h" />
    <ClInclude Include="Scripts\Network\GameServer\GameServerConnectionManager.h" />
    <ClInclude Include="Scripts\Network\GameServer\PacketBuffer.h" />
    <ClInclude Include="Scripts\Network\NetworkCluster.h" />
    <ClInclude Include="Scripts\Game\Zone\ZoneCommand\ZoneHandler.h" />
    <ClInclude Include="Scripts\Extension\Util\winsock_include.h" />
    <ClInclude Include="Scripts\Game\Zone\ZoneCommand\Command\IZoneCommand.h" />
    <ClInclude Include="Scripts\Game\Zone\ZoneCommand\Command\ZoneLoginPlayerCommand.h" />
    <ClInclude Include="Scripts\Game\Zone\ZoneCommand\Command\ZoneSyncTransformCommand.h" />
    <ClInclude Include="Scripts\Game\Zone\ZoneCommand\Command\ZoneLogoutPlayerCommand.h" />
    <ClInclude Include="Scripts\Game\GameInputHandler.h" />
    <ClInclude Include="Scripts\Instance\Player\RemotePlayer.h" />
  </ItemGroup>
  <ItemGroup>
    <Text Include="Resources\Json\Action\Player\Paladin\HolySpirit.json" />
  </ItemGroup>
</Project>